
Microsoft Visual Studio Solution File, Format Version 12.00
# Visual Studio 15
Project("{FAE04EC0-301F-11D3-BF4B-00C04F79EFBC}") = "RoadArchitect", "RoadArchitect.csproj", "{0D30A95D-2C4B-CBD0-9518-8036AB8ADEAF}"
EndProject
Project("{FAE04EC0-301F-11D3-BF4B-00C04F79EFBC}") = "Assembly-CSharp", "Assembly-CSharp.csproj", "{C9A68221-0797-B744-D14F-0E2D26B9AA79}"
EndProject
Global
	GlobalSection(SolutionConfigurationPlatforms) = preSolution
		Debug|Any CPU = Debug|Any CPU
		Release|Any CPU = Release|Any CPU
	EndGlobalSection
	GlobalSection(ProjectConfigurationPlatforms) = postSolution
		{0D30A95D-2C4B-CBD0-9518-8036AB8ADEAF}.Debug|Any CPU.ActiveCfg = Debug|Any CPU
		{0D30A95D-2C4B-CBD0-9518-8036AB8ADEAF}.Debug|Any CPU.Build.0 = Debug|Any CPU
		{0D30A95D-2C4B-CBD0-9518-8036AB8ADEAF}.Release|Any CPU.ActiveCfg = Release|Any CPU
		{0D30A95D-2C4B-CBD0-9518-8036AB8ADEAF}.Release|Any CPU.Build.0 = Release|Any CPU
		{C9A68221-0797-B744-D14F-0E2D26B9AA79}.Debug|Any CPU.ActiveCfg = Debug|Any CPU
		{C9A68221-0797-B744-D14F-0E2D26B9AA79}.Debug|Any CPU.Build.0 = Debug|Any CPU
		{C9A68221-0797-B744-D14F-0E2D26B9AA79}.Release|Any CPU.ActiveCfg = Release|Any CPU
		{C9A68221-0797-B744-D14F-0E2D26B9AA79}.Release|Any CPU.Build.0 = Release|Any CPU
	EndGlobalSection
	GlobalSection(SolutionProperties) = preSolution
		HideSolutionNode = FALSE
	EndGlobalSection
EndGlobal
